Microsoft Visual Studio Solution File, Format Version 12.00
# Visual Studio Version 17
VisualStudioVersion = 17.0.31903.59
MinimumVisualStudioVersion = 10.0.40219.1
Project("{2150E333-8FDC-42A3-9474-1A3956D46DE8}") = "server", "server", "{DAD03CFC-D5FA-AC94-41C7-9ABAB326F09E}"
EndProject
Project("{FAE04EC0-301F-11D3-BF4B-00C04F79EFBC}") = "AIChat.Server", "server\AIChat.Server.csproj", "{56DDCA94-6E12-4111-A5DA-464E17C4F994}"
EndProject
Project("{FAE04EC0-301F-11D3-BF4B-00C04F79EFBC}") = "server.Tests", "server.Tests\server.Tests.csproj", "{67587DD0-5863-4EF8-B934-FAC3CF6BA98B}"
EndProject
Project("{2150E333-8FDC-42A3-9474-1A3956D46DE8}") = "orleans", "orleans", "{8B6C4F7A-9E2D-4A5B-8F3C-1D2E3F4A5B6C}"
EndProject
Project("{FAE04EC0-301F-11D3-BF4B-00C04F79EFBC}") = "AIChat.Orleans", "AIChat.Orleans\AIChat.Orleans.csproj", "{7A5B6C8D-9E0F-4A1B-8C2D-3E4F5A6B7C8D}"
EndProject
Project("{FAE04EC0-301F-11D3-BF4B-00C04F79EFBC}") = "AIChat.Orleans.Client", "AIChat.Orleans.Client\AIChat.Orleans.Client.csproj", "{8B6C7D9E-0F1A-4B2C-8D3E-4F5A6B7C8D9E}"
EndProject
Project("{FAE04EC0-301F-11D3-BF4B-00C04F79EFBC}") = "AIChat.Orleans.Host", "AIChat.Orleans.Host\AIChat.Orleans.Host.csproj", "{9C7D8E0F-1A2B-4C3D-8E4F-5A6B7C8D9E0F}"
EndProject
Project("{FAE04EC0-301F-11D3-BF4B-00C04F79EFBC}") = "AIChat.Orleans.Tests", "AIChat.Orleans.Tests\AIChat.Orleans.Tests.csproj", "{0D8E9F1A-2B3C-4D4E-9F5A-6B7C8D9E0F1A}"
EndProject
Project("{2150E333-8FDC-42A3-9474-1A3956D46DE8}") = "testing", "testing", "{1E9F0A2B-3C4D-5E6F-0A1B-7C8D9E0F1A2B}"
EndProject
Project("{FAE04EC0-301F-11D3-BF4B-00C04F79EFBC}") = "AIChat.LoadTesting", "AIChat.LoadTesting\AIChat.LoadTesting.csproj", "{2F0A1B3C-4D5E-6F7A-1B2C-8D9E0F1A2B3C}"
EndProject
Global
	GlobalSection(SolutionConfigurationPlatforms) = preSolution
		Debug|Any CPU = Debug|Any CPU
		Debug|x64 = Debug|x64
		Debug|x86 = Debug|x86
		Release|Any CPU = Release|Any CPU
		Release|x64 = Release|x64
		Release|x86 = Release|x86
	EndGlobalSection
	GlobalSection(ProjectConfigurationPlatforms) = postSolution
		{56DDCA94-6E12-4111-A5DA-464E17C4F994}.Debug|Any CPU.ActiveCfg = Debug|Any CPU
		{56DDCA94-6E12-4111-A5DA-464E17C4F994}.Debug|Any CPU.Build.0 = Debug|Any CPU
		{56DDCA94-6E12-4111-A5DA-464E17C4F994}.Debug|x64.ActiveCfg = Debug|Any CPU
		{56DDCA94-6E12-4111-A5DA-464E17C4F994}.Debug|x64.Build.0 = Debug|Any CPU
		{56DDCA94-6E12-4111-A5DA-464E17C4F994}.Debug|x86.ActiveCfg = Debug|Any CPU
		{56DDCA94-6E12-4111-A5DA-464E17C4F994}.Debug|x86.Build.0 = Debug|Any CPU
		{56DDCA94-6E12-4111-A5DA-464E17C4F994}.Release|Any CPU.ActiveCfg = Release|Any CPU
		{56DDCA94-6E12-4111-A5DA-464E17C4F994}.Release|Any CPU.Build.0 = Release|Any CPU
		{56DDCA94-6E12-4111-A5DA-464E17C4F994}.Release|x64.ActiveCfg = Release|Any CPU
		{56DDCA94-6E12-4111-A5DA-464E17C4F994}.Release|x64.Build.0 = Release|Any CPU
		{56DDCA94-6E12-4111-A5DA-464E17C4F994}.Release|x86.ActiveCfg = Release|Any CPU
		{56DDCA94-6E12-4111-A5DA-464E17C4F994}.Release|x86.Build.0 = Release|Any CPU
		{67587DD0-5863-4EF8-B934-FAC3CF6BA98B}.Debug|Any CPU.ActiveCfg = Debug|Any CPU
		{67587DD0-5863-4EF8-B934-FAC3CF6BA98B}.Debug|Any CPU.Build.0 = Debug|Any CPU
		{67587DD0-5863-4EF8-B934-FAC3CF6BA98B}.Debug|x64.ActiveCfg = Debug|Any CPU
		{67587DD0-5863-4EF8-B934-FAC3CF6BA98B}.Debug|x64.Build.0 = Debug|Any CPU
		{67587DD0-5863-4EF8-B934-FAC3CF6BA98B}.Debug|x86.ActiveCfg = Debug|Any CPU
		{67587DD0-5863-4EF8-B934-FAC3CF6BA98B}.Debug|x86.Build.0 = Debug|Any CPU
		{67587DD0-5863-4EF8-B934-FAC3CF6BA98B}.Release|Any CPU.ActiveCfg = Release|Any CPU
		{67587DD0-5863-4EF8-B934-FAC3CF6BA98B}.Release|Any CPU.Build.0 = Release|Any CPU
		{67587DD0-5863-4EF8-B934-FAC3CF6BA98B}.Release|x64.ActiveCfg = Release|Any CPU
		{67587DD0-5863-4EF8-B934-FAC3CF6BA98B}.Release|x64.Build.0 = Release|Any CPU
		{67587DD0-5863-4EF8-B934-FAC3CF6BA98B}.Release|x86.ActiveCfg = Release|Any CPU
		{67587DD0-5863-4EF8-B934-FAC3CF6BA98B}.Release|x86.Build.0 = Release|Any CPU
		{7A5B6C8D-9E0F-4A1B-8C2D-3E4F5A6B7C8D}.Debug|Any CPU.ActiveCfg = Debug|Any CPU
		{7A5B6C8D-9E0F-4A1B-8C2D-3E4F5A6B7C8D}.Debug|Any CPU.Build.0 = Debug|Any CPU
		{7A5B6C8D-9E0F-4A1B-8C2D-3E4F5A6B7C8D}.Debug|x64.ActiveCfg = Debug|Any CPU
		{7A5B6C8D-9E0F-4A1B-8C2D-3E4F5A6B7C8D}.Debug|x64.Build.0 = Debug|Any CPU
		{7A5B6C8D-9E0F-4A1B-8C2D-3E4F5A6B7C8D}.Debug|x86.ActiveCfg = Debug|Any CPU
		{7A5B6C8D-9E0F-4A1B-8C2D-3E4F5A6B7C8D}.Debug|x86.Build.0 = Debug|Any CPU
		{7A5B6C8D-9E0F-4A1B-8C2D-3E4F5A6B7C8D}.Release|Any CPU.ActiveCfg = Release|Any CPU
		{7A5B6C8D-9E0F-4A1B-8C2D-3E4F5A6B7C8D}.Release|Any CPU.Build.0 = Release|Any CPU
		{7A5B6C8D-9E0F-4A1B-8C2D-3E4F5A6B7C8D}.Release|x64.ActiveCfg = Release|Any CPU
		{7A5B6C8D-9E0F-4A1B-8C2D-3E4F5A6B7C8D}.Release|x64.Build.0 = Release|Any CPU
		{7A5B6C8D-9E0F-4A1B-8C2D-3E4F5A6B7C8D}.Release|x86.ActiveCfg = Release|Any CPU
		{7A5B6C8D-9E0F-4A1B-8C2D-3E4F5A6B7C8D}.Release|x86.Build.0 = Release|Any CPU
		{8B6C7D9E-0F1A-4B2C-8D3E-4F5A6B7C8D9E}.Debug|Any CPU.ActiveCfg = Debug|Any CPU
		{8B6C7D9E-0F1A-4B2C-8D3E-4F5A6B7C8D9E}.Debug|Any CPU.Build.0 = Debug|Any CPU
		{8B6C7D9E-0F1A-4B2C-8D3E-4F5A6B7C8D9E}.Debug|x64.ActiveCfg = Debug|Any CPU
		{8B6C7D9E-0F1A-4B2C-8D3E-4F5A6B7C8D9E}.Debug|x64.Build.0 = Debug|Any CPU
		{8B6C7D9E-0F1A-4B2C-8D3E-4F5A6B7C8D9E}.Debug|x86.ActiveCfg = Debug|Any CPU
		{8B6C7D9E-0F1A-4B2C-8D3E-4F5A6B7C8D9E}.Debug|x86.Build.0 = Debug|Any CPU
		{8B6C7D9E-0F1A-4B2C-8D3E-4F5A6B7C8D9E}.Release|Any CPU.ActiveCfg = Release|Any CPU
		{8B6C7D9E-0F1A-4B2C-8D3E-4F5A6B7C8D9E}.Release|Any CPU.Build.0 = Release|Any CPU
		{8B6C7D9E-0F1A-4B2C-8D3E-4F5A6B7C8D9E}.Release|x64.ActiveCfg = Release|Any CPU
		{8B6C7D9E-0F1A-4B2C-8D3E-4F5A6B7C8D9E}.Release|x64.Build.0 = Release|Any CPU
		{8B6C7D9E-0F1A-4B2C-8D3E-4F5A6B7C8D9E}.Release|x86.ActiveCfg = Release|Any CPU
		{8B6C7D9E-0F1A-4B2C-8D3E-4F5A6B7C8D9E}.Release|x86.Build.0 = Release|Any CPU
		{9C7D8E0F-1A2B-4C3D-8E4F-5A6B7C8D9E0F}.Debug|Any CPU.ActiveCfg = Debug|Any CPU
		{9C7D8E0F-1A2B-4C3D-8E4F-5A6B7C8D9E0F}.Debug|Any CPU.Build.0 = Debug|Any CPU
		{9C7D8E0F-1A2B-4C3D-8E4F-5A6B7C8D9E0F}.Debug|x64.ActiveCfg = Debug|Any CPU
		{9C7D8E0F-1A2B-4C3D-8E4F-5A6B7C8D9E0F}.Debug|x64.Build.0 = Debug|Any CPU
		{9C7D8E0F-1A2B-4C3D-8E4F-5A6B7C8D9E0F}.Debug|x86.ActiveCfg = Debug|Any CPU
		{9C7D8E0F-1A2B-4C3D-8E4F-5A6B7C8D9E0F}.Debug|x86.Build.0 = Debug|Any CPU
		{9C7D8E0F-1A2B-4C3D-8E4F-5A6B7C8D9E0F}.Release|Any CPU.ActiveCfg = Release|Any CPU
		{9C7D8E0F-1A2B-4C3D-8E4F-5A6B7C8D9E0F}.Release|Any CPU.Build.0 = Release|Any CPU
		{9C7D8E0F-1A2B-4C3D-8E4F-5A6B7C8D9E0F}.Release|x64.ActiveCfg = Release|Any CPU
		{9C7D8E0F-1A2B-4C3D-8E4F-5A6B7C8D9E0F}.Release|x64.Build.0 = Release|Any CPU
		{9C7D8E0F-1A2B-4C3D-8E4F-5A6B7C8D9E0F}.Release|x86.ActiveCfg = Release|Any CPU
		{9C7D8E0F-1A2B-4C3D-8E4F-5A6B7C8D9E0F}.Release|x86.Build.0 = Release|Any CPU
		{0D8E9F1A-2B3C-4D4E-9F5A-6B7C8D9E0F1A}.Debug|Any CPU.ActiveCfg = Debug|Any CPU
		{0D8E9F1A-2B3C-4D4E-9F5A-6B7C8D9E0F1A}.Debug|Any CPU.Build.0 = Debug|Any CPU
		{0D8E9F1A-2B3C-4D4E-9F5A-6B7C8D9E0F1A}.Debug|x64.ActiveCfg = Debug|Any CPU
		{0D8E9F1A-2B3C-4D4E-9F5A-6B7C8D9E0F1A}.Debug|x64.Build.0 = Debug|Any CPU
		{0D8E9F1A-2B3C-4D4E-9F5A-6B7C8D9E0F1A}.Debug|x86.ActiveCfg = Debug|Any CPU
		{0D8E9F1A-2B3C-4D4E-9F5A-6B7C8D9E0F1A}.Debug|x86.Build.0 = Debug|Any CPU
		{0D8E9F1A-2B3C-4D4E-9F5A-6B7C8D9E0F1A}.Release|Any CPU.ActiveCfg = Release|Any CPU
		{0D8E9F1A-2B3C-4D4E-9F5A-6B7C8D9E0F1A}.Release|Any CPU.Build.0 = Release|Any CPU
		{0D8E9F1A-2B3C-4D4E-9F5A-6B7C8D9E0F1A}.Release|x64.ActiveCfg = Release|Any CPU
		{0D8E9F1A-2B3C-4D4E-9F5A-6B7C8D9E0F1A}.Release|x64.Build.0 = Release|Any CPU
		{0D8E9F1A-2B3C-4D4E-9F5A-6B7C8D9E0F1A}.Release|x86.ActiveCfg = Release|Any CPU
		{0D8E9F1A-2B3C-4D4E-9F5A-6B7C8D9E0F1A}.Release|x86.Build.0 = Release|Any CPU
		{2F0A1B3C-4D5E-6F7A-1B2C-8D9E0F1A2B3C}.Debug|Any CPU.ActiveCfg = Debug|Any CPU
		{2F0A1B3C-4D5E-6F7A-1B2C-8D9E0F1A2B3C}.Debug|Any CPU.Build.0 = Debug|Any CPU
		{2F0A1B3C-4D5E-6F7A-1B2C-8D9E0F1A2B3C}.Debug|x64.ActiveCfg = Debug|Any CPU
		{2F0A1B3C-4D5E-6F7A-1B2C-8D9E0F1A2B3C}.Debug|x64.Build.0 = Debug|Any CPU
		{2F0A1B3C-4D5E-6F7A-1B2C-8D9E0F1A2B3C}.Debug|x86.ActiveCfg = Debug|Any CPU
		{2F0A1B3C-4D5E-6F7A-1B2C-8D9E0F1A2B3C}.Debug|x86.Build.0 = Debug|Any CPU
		{2F0A1B3C-4D5E-6F7A-1B2C-8D9E0F1A2B3C}.Release|Any CPU.ActiveCfg = Release|Any CPU
		{2F0A1B3C-4D5E-6F7A-1B2C-8D9E0F1A2B3C}.Release|Any CPU.Build.0 = Release|Any CPU
		{2F0A1B3C-4D5E-6F7A-1B2C-8D9E0F1A2B3C}.Release|x64.ActiveCfg = Release|Any CPU
		{2F0A1B3C-4D5E-6F7A-1B2C-8D9E0F1A2B3C}.Release|x64.Build.0 = Release|Any CPU
		{2F0A1B3C-4D5E-6F7A-1B2C-8D9E0F1A2B3C}.Release|x86.ActiveCfg = Release|Any CPU
		{2F0A1B3C-4D5E-6F7A-1B2C-8D9E0F1A2B3C}.Release|x86.Build.0 = Release|Any CPU
	EndGlobalSection
	GlobalSection(SolutionProperties) = preSolution
		HideSolutionNode = FALSE
	EndGlobalSection
	GlobalSection(NestedProjects) = preSolution
		{56DDCA94-6E12-4111-A5DA-464E17C4F994} = {DAD03CFC-D5FA-AC94-41C7-9ABAB326F09E}
		{7A5B6C8D-9E0F-4A1B-8C2D-3E4F5A6B7C8D} = {8B6C4F7A-9E2D-4A5B-8F3C-1D2E3F4A5B6C}
		{8B6C7D9E-0F1A-4B2C-8D3E-4F5A6B7C8D9E} = {8B6C4F7A-9E2D-4A5B-8F3C-1D2E3F4A5B6C}
		{9C7D8E0F-1A2B-4C3D-8E4F-5A6B7C8D9E0F} = {8B6C4F7A-9E2D-4A5B-8F3C-1D2E3F4A5B6C}
		{0D8E9F1A-2B3C-4D4E-9F5A-6B7C8D9E0F1A} = {8B6C4F7A-9E2D-4A5B-8F3C-1D2E3F4A5B6C}
		{2F0A1B3C-4D5E-6F7A-1B2C-8D9E0F1A2B3C} = {1E9F0A2B-3C4D-5E6F-0A1B-7C8D9E0F1A2B}
	EndGlobalSection
EndGlobal
