
Microsoft Visual Studio Solution File, Format Version 12.00
# Visual Studio Version 17
VisualStudioVersion = 17.13.35818.85
MinimumVisualStudioVersion = 10.0.40219.1
Project("{FAE04EC0-301F-11D3-BF4B-00C04F79EFBC}") = "Client", "Client\Client.csproj", "{9ECB8CB5-D967-4777-8CFB-CF6C3FDAEC84}"
EndProject
Project("{FAE04EC0-301F-11D3-BF4B-00C04F79EFBC}") = "ConsoleApp", "ConsoleApp\ConsoleApp.csproj", "{42D47C9E-EA30-46C8-A188-1849B59394D4}"
EndProject
Global
	GlobalSection(SolutionConfigurationPlatforms) = preSolution
		Debug|Any CPU = Debug|Any CPU
		Release|Any CPU = Release|Any CPU
	EndGlobalSection
	GlobalSection(ProjectConfigurationPlatforms) = postSolution
		{9ECB8CB5-D967-4777-8CFB-CF6C3FDAEC84}.Debug|Any CPU.ActiveCfg = Debug|Any CPU
		{9ECB8CB5-D967-4777-8CFB-CF6C3FDAEC84}.Debug|Any CPU.Build.0 = Debug|Any CPU
		{9ECB8CB5-D967-4777-8CFB-CF6C3FDAEC84}.Release|Any CPU.ActiveCfg = Release|Any CPU
		{9ECB8CB5-D967-4777-8CFB-CF6C3FDAEC84}.Release|Any CPU.Build.0 = Release|Any CPU
		{42D47C9E-EA30-46C8-A188-1849B59394D4}.Debug|Any CPU.ActiveCfg = Debug|Any CPU
		{42D47C9E-EA30-46C8-A188-1849B59394D4}.Debug|Any CPU.Build.0 = Debug|Any CPU
		{42D47C9E-EA30-46C8-A188-1849B59394D4}.Release|Any CPU.ActiveCfg = Release|Any CPU
		{42D47C9E-EA30-46C8-A188-1849B59394D4}.Release|Any CPU.Build.0 = Release|Any CPU
	EndGlobalSection
	GlobalSection(SolutionProperties) = preSolution
		HideSolutionNode = FALSE
	EndGlobalSection
	GlobalSection(ExtensibilityGlobals) = postSolution
		SolutionGuid = {C4FC930D-50B9-4B79-9148-9A3DE239DE5B}
	EndGlobalSection
EndGlobal
