
Microsoft Visual Studio Solution File, Format Version 12.00
# Visual Studio Version 17
VisualStudioVersion = 17.0.31903.59
MinimumVisualStudioVersion = 10.0.40219.1
Project("{2150E333-8FDC-42A3-9474-1A3956D46DE8}") = "src", "src", "{827E0CD3-B72D-47B6-A68D-7590B98EB39B}"
EndProject
Project("{FAE04EC0-301F-11D3-BF4B-00C04F79EFBC}") = "WhatsAppWaha.Core", "src\WhatsAppWaha.Core\WhatsAppWaha.Core.csproj", "{8A3304CF-A58D-48AF-AF85-9280AB283DE5}"
EndProject
Project("{FAE04EC0-301F-11D3-BF4B-00C04F79EFBC}") = "WhatsAppWaha.HelloWorld", "src\WhatsAppWaha.HelloWorld\WhatsAppWaha.HelloWorld.csproj", "{0FBB8684-198C-42C0-ACA1-607D01654670}"
EndProject
Project("{FAE04EC0-301F-11D3-BF4B-00C04F79EFBC}") = "WhatsAppWaha.MessageReceiver", "src\WhatsAppWaha.MessageReceiver\WhatsAppWaha.MessageReceiver.csproj", "{48574C48-FB9C-481D-9855-A4A1C150741A}"
EndProject
Project("{2150E333-8FDC-42A3-9474-1A3956D46DE8}") = "tests", "tests", "{0AB3BF05-4346-4AA6-1389-037BE0695223}"
EndProject
Project("{FAE04EC0-301F-11D3-BF4B-00C04F79EFBC}") = "WhatsAppWaha.Core.Tests", "tests\WhatsAppWaha.Core.Tests\WhatsAppWaha.Core.Tests.csproj", "{3B75EB7C-166A-4B88-A459-D4D7A35960AB}"
EndProject
Project("{FAE04EC0-301F-11D3-BF4B-00C04F79EFBC}") = "WhatsAppWaha.HelloWorld.Tests", "tests\WhatsAppWaha.HelloWorld.Tests\WhatsAppWaha.HelloWorld.Tests.csproj", "{94117886-BCCE-4F88-9A9F-AD21B3587D5C}"
EndProject
Project("{FAE04EC0-301F-11D3-BF4B-00C04F79EFBC}") = "WhatsAppWaha.MessageReceiver.Tests", "tests\WhatsAppWaha.MessageReceiver.Tests\WhatsAppWaha.MessageReceiver.Tests.csproj", "{64B1D8D1-643B-486A-BC6E-099A541A91D2}"
EndProject
Global
	GlobalSection(SolutionConfigurationPlatforms) = preSolution
		Debug|Any CPU = Debug|Any CPU
		Debug|x64 = Debug|x64
		Debug|x86 = Debug|x86
		Release|Any CPU = Release|Any CPU
		Release|x64 = Release|x64
		Release|x86 = Release|x86
	EndGlobalSection
	GlobalSection(ProjectConfigurationPlatforms) = postSolution
		{8A3304CF-A58D-48AF-AF85-9280AB283DE5}.Debug|Any CPU.ActiveCfg = Debug|Any CPU
		{8A3304CF-A58D-48AF-AF85-9280AB283DE5}.Debug|Any CPU.Build.0 = Debug|Any CPU
		{8A3304CF-A58D-48AF-AF85-9280AB283DE5}.Debug|x64.ActiveCfg = Debug|Any CPU
		{8A3304CF-A58D-48AF-AF85-9280AB283DE5}.Debug|x64.Build.0 = Debug|Any CPU
		{8A3304CF-A58D-48AF-AF85-9280AB283DE5}.Debug|x86.ActiveCfg = Debug|Any CPU
		{8A3304CF-A58D-48AF-AF85-9280AB283DE5}.Debug|x86.Build.0 = Debug|Any CPU
		{8A3304CF-A58D-48AF-AF85-9280AB283DE5}.Release|Any CPU.ActiveCfg = Release|Any CPU
		{8A3304CF-A58D-48AF-AF85-9280AB283DE5}.Release|Any CPU.Build.0 = Release|Any CPU
		{8A3304CF-A58D-48AF-AF85-9280AB283DE5}.Release|x64.ActiveCfg = Release|Any CPU
		{8A3304CF-A58D-48AF-AF85-9280AB283DE5}.Release|x64.Build.0 = Release|Any CPU
		{8A3304CF-A58D-48AF-AF85-9280AB283DE5}.Release|x86.ActiveCfg = Release|Any CPU
		{8A3304CF-A58D-48AF-AF85-9280AB283DE5}.Release|x86.Build.0 = Release|Any CPU
		{0FBB8684-198C-42C0-ACA1-607D01654670}.Debug|Any CPU.ActiveCfg = Debug|Any CPU
		{0FBB8684-198C-42C0-ACA1-607D01654670}.Debug|Any CPU.Build.0 = Debug|Any CPU
		{0FBB8684-198C-42C0-ACA1-607D01654670}.Debug|x64.ActiveCfg = Debug|Any CPU
		{0FBB8684-198C-42C0-ACA1-607D01654670}.Debug|x64.Build.0 = Debug|Any CPU
		{0FBB8684-198C-42C0-ACA1-607D01654670}.Debug|x86.ActiveCfg = Debug|Any CPU
		{0FBB8684-198C-42C0-ACA1-607D01654670}.Debug|x86.Build.0 = Debug|Any CPU
		{0FBB8684-198C-42C0-ACA1-607D01654670}.Release|Any CPU.ActiveCfg = Release|Any CPU
		{0FBB8684-198C-42C0-ACA1-607D01654670}.Release|Any CPU.Build.0 = Release|Any CPU
		{0FBB8684-198C-42C0-ACA1-607D01654670}.Release|x64.ActiveCfg = Release|Any CPU
		{0FBB8684-198C-42C0-ACA1-607D01654670}.Release|x64.Build.0 = Release|Any CPU
		{0FBB8684-198C-42C0-ACA1-607D01654670}.Release|x86.ActiveCfg = Release|Any CPU
		{0FBB8684-198C-42C0-ACA1-607D01654670}.Release|x86.Build.0 = Release|Any CPU
		{48574C48-FB9C-481D-9855-A4A1C150741A}.Debug|Any CPU.ActiveCfg = Debug|Any CPU
		{48574C48-FB9C-481D-9855-A4A1C150741A}.Debug|Any CPU.Build.0 = Debug|Any CPU
		{48574C48-FB9C-481D-9855-A4A1C150741A}.Debug|x64.ActiveCfg = Debug|Any CPU
		{48574C48-FB9C-481D-9855-A4A1C150741A}.Debug|x64.Build.0 = Debug|Any CPU
		{48574C48-FB9C-481D-9855-A4A1C150741A}.Debug|x86.ActiveCfg = Debug|Any CPU
		{48574C48-FB9C-481D-9855-A4A1C150741A}.Debug|x86.Build.0 = Debug|Any CPU
		{48574C48-FB9C-481D-9855-A4A1C150741A}.Release|Any CPU.ActiveCfg = Release|Any CPU
		{48574C48-FB9C-481D-9855-A4A1C150741A}.Release|Any CPU.Build.0 = Release|Any CPU
		{48574C48-FB9C-481D-9855-A4A1C150741A}.Release|x64.ActiveCfg = Release|Any CPU
		{48574C48-FB9C-481D-9855-A4A1C150741A}.Release|x64.Build.0 = Release|Any CPU
		{48574C48-FB9C-481D-9855-A4A1C150741A}.Release|x86.ActiveCfg = Release|Any CPU
		{48574C48-FB9C-481D-9855-A4A1C150741A}.Release|x86.Build.0 = Release|Any CPU
		{3B75EB7C-166A-4B88-A459-D4D7A35960AB}.Debug|Any CPU.ActiveCfg = Debug|Any CPU
		{3B75EB7C-166A-4B88-A459-D4D7A35960AB}.Debug|Any CPU.Build.0 = Debug|Any CPU
		{3B75EB7C-166A-4B88-A459-D4D7A35960AB}.Debug|x64.ActiveCfg = Debug|Any CPU
		{3B75EB7C-166A-4B88-A459-D4D7A35960AB}.Debug|x64.Build.0 = Debug|Any CPU
		{3B75EB7C-166A-4B88-A459-D4D7A35960AB}.Debug|x86.ActiveCfg = Debug|Any CPU
		{3B75EB7C-166A-4B88-A459-D4D7A35960AB}.Debug|x86.Build.0 = Debug|Any CPU
		{3B75EB7C-166A-4B88-A459-D4D7A35960AB}.Release|Any CPU.ActiveCfg = Release|Any CPU
		{3B75EB7C-166A-4B88-A459-D4D7A35960AB}.Release|Any CPU.Build.0 = Release|Any CPU
		{3B75EB7C-166A-4B88-A459-D4D7A35960AB}.Release|x64.ActiveCfg = Release|Any CPU
		{3B75EB7C-166A-4B88-A459-D4D7A35960AB}.Release|x64.Build.0 = Release|Any CPU
		{3B75EB7C-166A-4B88-A459-D4D7A35960AB}.Release|x86.ActiveCfg = Release|Any CPU
		{3B75EB7C-166A-4B88-A459-D4D7A35960AB}.Release|x86.Build.0 = Release|Any CPU
		{94117886-BCCE-4F88-9A9F-AD21B3587D5C}.Debug|Any CPU.ActiveCfg = Debug|Any CPU
		{94117886-BCCE-4F88-9A9F-AD21B3587D5C}.Debug|Any CPU.Build.0 = Debug|Any CPU
		{94117886-BCCE-4F88-9A9F-AD21B3587D5C}.Debug|x64.ActiveCfg = Debug|Any CPU
		{94117886-BCCE-4F88-9A9F-AD21B3587D5C}.Debug|x64.Build.0 = Debug|Any CPU
		{94117886-BCCE-4F88-9A9F-AD21B3587D5C}.Debug|x86.ActiveCfg = Debug|Any CPU
		{94117886-BCCE-4F88-9A9F-AD21B3587D5C}.Debug|x86.Build.0 = Debug|Any CPU
		{94117886-BCCE-4F88-9A9F-AD21B3587D5C}.Release|Any CPU.ActiveCfg = Release|Any CPU
		{94117886-BCCE-4F88-9A9F-AD21B3587D5C}.Release|Any CPU.Build.0 = Release|Any CPU
		{94117886-BCCE-4F88-9A9F-AD21B3587D5C}.Release|x64.ActiveCfg = Release|Any CPU
		{94117886-BCCE-4F88-9A9F-AD21B3587D5C}.Release|x64.Build.0 = Release|Any CPU
		{94117886-BCCE-4F88-9A9F-AD21B3587D5C}.Release|x86.ActiveCfg = Release|Any CPU
		{94117886-BCCE-4F88-9A9F-AD21B3587D5C}.Release|x86.Build.0 = Release|Any CPU
		{64B1D8D1-643B-486A-BC6E-099A541A91D2}.Debug|Any CPU.ActiveCfg = Debug|Any CPU
		{64B1D8D1-643B-486A-BC6E-099A541A91D2}.Debug|Any CPU.Build.0 = Debug|Any CPU
		{64B1D8D1-643B-486A-BC6E-099A541A91D2}.Debug|x64.ActiveCfg = Debug|Any CPU
		{64B1D8D1-643B-486A-BC6E-099A541A91D2}.Debug|x64.Build.0 = Debug|Any CPU
		{64B1D8D1-643B-486A-BC6E-099A541A91D2}.Debug|x86.ActiveCfg = Debug|Any CPU
		{64B1D8D1-643B-486A-BC6E-099A541A91D2}.Debug|x86.Build.0 = Debug|Any CPU
		{64B1D8D1-643B-486A-BC6E-099A541A91D2}.Release|Any CPU.ActiveCfg = Release|Any CPU
		{64B1D8D1-643B-486A-BC6E-099A541A91D2}.Release|Any CPU.Build.0 = Release|Any CPU
		{64B1D8D1-643B-486A-BC6E-099A541A91D2}.Release|x64.ActiveCfg = Release|Any CPU
		{64B1D8D1-643B-486A-BC6E-099A541A91D2}.Release|x64.Build.0 = Release|Any CPU
		{64B1D8D1-643B-486A-BC6E-099A541A91D2}.Release|x86.ActiveCfg = Release|Any CPU
		{64B1D8D1-643B-486A-BC6E-099A541A91D2}.Release|x86.Build.0 = Release|Any CPU
	EndGlobalSection
	GlobalSection(SolutionProperties) = preSolution
		HideSolutionNode = FALSE
	EndGlobalSection
	GlobalSection(NestedProjects) = preSolution
		{8A3304CF-A58D-48AF-AF85-9280AB283DE5} = {827E0CD3-B72D-47B6-A68D-7590B98EB39B}
		{0FBB8684-198C-42C0-ACA1-607D01654670} = {827E0CD3-B72D-47B6-A68D-7590B98EB39B}
		{48574C48-FB9C-481D-9855-A4A1C150741A} = {827E0CD3-B72D-47B6-A68D-7590B98EB39B}
		{3B75EB7C-166A-4B88-A459-D4D7A35960AB} = {0AB3BF05-4346-4AA6-1389-037BE0695223}
		{94117886-BCCE-4F88-9A9F-AD21B3587D5C} = {0AB3BF05-4346-4AA6-1389-037BE0695223}
		{64B1D8D1-643B-486A-BC6E-099A541A91D2} = {0AB3BF05-4346-4AA6-1389-037BE0695223}
	EndGlobalSection
EndGlobal
